
Microsoft Visual Studio Solution File, Format Version 12.00
# Visual Studio Version 16
VisualStudioVersion = 16.0.31129.286
MinimumVisualStudioVersion = 10.0.40219.1
Project("{FAE04EC0-301F-11D3-BF4B-00C04F79EFBC}") = "TEAM_E_HSP_Sprint_2", "TEAM_E_HSP_Sprint_2.csproj", "{E1EFD370-5B49-4EDC-A099-7555A01EB50A}"
EndProject
Global
	GlobalSection(SolutionConfigurationPlatforms) = preSolution
		Debug|Any CPU = Debug|Any CPU
		Release|Any CPU = Release|Any CPU
	EndGlobalSection
	GlobalSection(ProjectConfigurationPlatforms) = postSolution
		{E1EFD370-5B49-4EDC-A099-7555A01EB50A}.Debug|Any CPU.ActiveCfg = Debug|Any CPU
		{E1EFD370-5B49-4EDC-A099-7555A01EB50A}.Debug|Any CPU.Build.0 = Debug|Any CPU
		{E1EFD370-5B49-4EDC-A099-7555A01EB50A}.Release|Any CPU.ActiveCfg = Release|Any CPU
		{E1EFD370-5B49-4EDC-A099-7555A01EB50A}.Release|Any CPU.Build.0 = Release|Any CPU
	EndGlobalSection
	GlobalSection(SolutionProperties) = preSolution
		HideSolutionNode = FALSE
	EndGlobalSection
	GlobalSection(ExtensibilityGlobals) = postSolution
		SolutionGuid = {17F48E09-C466-4955-B3F9-AF94A22EE8B5}
	EndGlobalSection
EndGlobal
